
Microsoft Visual Studio Solution File, Format Version 12.00
# Visual Studio Version 17
VisualStudioVersion = 17.11.35327.3
MinimumVisualStudioVersion = 10.0.40219.1
Project("{FAE04EC0-301F-11D3-BF4B-00C04F79EFBC}") = "RecipeWebApp", "RecipeWebApp\RecipeWebApp.csproj", "{A25791DE-2AAE-47C8-BE85-AA8DEB3F58DE}"
EndProject
Global
	GlobalSection(SolutionConfigurationPlatforms) = preSolution
		Debug|Any CPU = Debug|Any CPU
		Release|Any CPU = Release|Any CPU
	EndGlobalSection
	GlobalSection(ProjectConfigurationPlatforms) = postSolution
		{A25791DE-2AAE-47C8-BE85-AA8DEB3F58DE}.Debug|Any CPU.ActiveCfg = Debug|Any CPU
		{A25791DE-2AAE-47C8-BE85-AA8DEB3F58DE}.Debug|Any CPU.Build.0 = Debug|Any CPU
		{A25791DE-2AAE-47C8-BE85-AA8DEB3F58DE}.Release|Any CPU.ActiveCfg = Release|Any CPU
		{A25791DE-2AAE-47C8-BE85-AA8DEB3F58DE}.Release|Any CPU.Build.0 = Release|Any CPU
	EndGlobalSection
	GlobalSection(SolutionProperties) = preSolution
		HideSolutionNode = FALSE
	EndGlobalSection
	GlobalSection(ExtensibilityGlobals) = postSolution
		SolutionGuid = {514B6AC6-D299-4F6A-9AE8-AF42CE399F8B}
	EndGlobalSection
EndGlobal
